
Microsoft Visual Studio Solution File, Format Version 12.00
# Visual Studio Version 16
VisualStudioVersion = 16.0.31410.357
MinimumVisualStudioVersion = 10.0.40219.1
Project("{2150E333-8FDC-42A3-9474-1A3956D46DE8}") = "Services", "Services", "{A7D81DCE-084F-4F5D-981C-0543AEABF6EA}"
EndProject
Project("{2150E333-8FDC-42A3-9474-1A3956D46DE8}") = "Catalog", "Catalog", "{4C00212D-27BE-4A2F-93E0-6F177EA178C6}"
EndProject
Project("{9A19103F-16F7-4668-BE54-9A1E7A4F7556}") = "Catalog.API", "Services\Catalog\Catalog.API\Catalog.API.csproj", "{9A28F439-8048-4E5F-ADA6-4BA182E29068}"
EndProject
Project("{E53339B2-1760-4266-BCC7-CA923CBCF16C}") = "docker-compose", "docker-compose.dcproj", "{F430BDBF-AD98-4F60-AB77-AF39B743A15E}"
EndProject
Project("{2150E333-8FDC-42A3-9474-1A3956D46DE8}") = "Basket", "Basket", "{CCBAD774-17BA-432D-8F2C-DECFDF354A4D}"
EndProject
Project("{9A19103F-16F7-4668-BE54-9A1E7A4F7556}") = "Basket.API", "Services\Basket\Basket.API\Basket.API.csproj", "{32D75622-E293-4A7E-824C-15544D01C0B9}"
EndProject
Project("{2150E333-8FDC-42A3-9474-1A3956D46DE8}") = "Discount", "Discount", "{EFEE0442-04C2-4EA8-8244-2E1C01206180}"
EndProject
Project("{9A19103F-16F7-4668-BE54-9A1E7A4F7556}") = "Discount.API", "Services\Discount\Discount.API\Discount.API.csproj", "{B4BEED77-4DAB-4A33-AABF-4A5993659355}"
EndProject
Project("{9A19103F-16F7-4668-BE54-9A1E7A4F7556}") = "Discount.Grpc", "Services\Discount\Discount.Grpc\Discount.Grpc.csproj", "{0A12323D-CE79-455E-9E79-6B2285CB42CC}"
EndProject
Project("{2150E333-8FDC-42A3-9474-1A3956D46DE8}") = "Ordering", "Ordering", "{18E8F229-26C4-4117-853A-1D4C4384EC20}"
EndProject
Project("{FAE04EC0-301F-11D3-BF4B-00C04F79EFBC}") = "Ordering.API", "Services\Ordering\Ordering.API\Ordering.API.csproj", "{CC305606-108C-4863-9890-DB2DC041D230}"
EndProject
Project("{FAE04EC0-301F-11D3-BF4B-00C04F79EFBC}") = "Ordering.Domain", "Services\Ordering\Ordering.Domain\Ordering.Domain.csproj", "{8690691A-5E76-41E5-9FF7-C8ED4D908589}"
EndProject
Project("{FAE04EC0-301F-11D3-BF4B-00C04F79EFBC}") = "Ordering.Application", "Services\Ordering\Ordering.Application\Ordering.Application.csproj", "{242C52D3-66B8-4CED-8760-4C461BFD114C}"
EndProject
Project("{FAE04EC0-301F-11D3-BF4B-00C04F79EFBC}") = "Ordering.Infrastructure", "Services\Ordering\Ordering.Infrastructure\Ordering.Infrastructure.csproj", "{2E994105-10D5-4C3B-9A1F-97FEB6313AC1}"
EndProject
Global
	GlobalSection(SolutionConfigurationPlatforms) = preSolution
		Debug|Any CPU = Debug|Any CPU
		Release|Any CPU = Release|Any CPU
	EndGlobalSection
	GlobalSection(ProjectConfigurationPlatforms) = postSolution
		{9A28F439-8048-4E5F-ADA6-4BA182E29068}.Debug|Any CPU.ActiveCfg = Debug|Any CPU
		{9A28F439-8048-4E5F-ADA6-4BA182E29068}.Debug|Any CPU.Build.0 = Debug|Any CPU
		{9A28F439-8048-4E5F-ADA6-4BA182E29068}.Release|Any CPU.ActiveCfg = Release|Any CPU
		{9A28F439-8048-4E5F-ADA6-4BA182E29068}.Release|Any CPU.Build.0 = Release|Any CPU
		{F430BDBF-AD98-4F60-AB77-AF39B743A15E}.Debug|Any CPU.ActiveCfg = Debug|Any CPU
		{F430BDBF-AD98-4F60-AB77-AF39B743A15E}.Debug|Any CPU.Build.0 = Debug|Any CPU
		{F430BDBF-AD98-4F60-AB77-AF39B743A15E}.Release|Any CPU.ActiveCfg = Release|Any CPU
		{F430BDBF-AD98-4F60-AB77-AF39B743A15E}.Release|Any CPU.Build.0 = Release|Any CPU
		{32D75622-E293-4A7E-824C-15544D01C0B9}.Debug|Any CPU.ActiveCfg = Debug|Any CPU
		{32D75622-E293-4A7E-824C-15544D01C0B9}.Debug|Any CPU.Build.0 = Debug|Any CPU
		{32D75622-E293-4A7E-824C-15544D01C0B9}.Release|Any CPU.ActiveCfg = Release|Any CPU
		{32D75622-E293-4A7E-824C-15544D01C0B9}.Release|Any CPU.Build.0 = Release|Any CPU
		{B4BEED77-4DAB-4A33-AABF-4A5993659355}.Debug|Any CPU.ActiveCfg = Debug|Any CPU
		{B4BEED77-4DAB-4A33-AABF-4A5993659355}.Debug|Any CPU.Build.0 = Debug|Any CPU
		{B4BEED77-4DAB-4A33-AABF-4A5993659355}.Release|Any CPU.ActiveCfg = Release|Any CPU
		{B4BEED77-4DAB-4A33-AABF-4A5993659355}.Release|Any CPU.Build.0 = Release|Any CPU
		{0A12323D-CE79-455E-9E79-6B2285CB42CC}.Debug|Any CPU.ActiveCfg = Debug|Any CPU
		{0A12323D-CE79-455E-9E79-6B2285CB42CC}.Debug|Any CPU.Build.0 = Debug|Any CPU
		{0A12323D-CE79-455E-9E79-6B2285CB42CC}.Release|Any CPU.ActiveCfg = Release|Any CPU
		{0A12323D-CE79-455E-9E79-6B2285CB42CC}.Release|Any CPU.Build.0 = Release|Any CPU
		{CC305606-108C-4863-9890-DB2DC041D230}.Debug|Any CPU.ActiveCfg = Debug|Any CPU
		{CC305606-108C-4863-9890-DB2DC041D230}.Debug|Any CPU.Build.0 = Debug|Any CPU
		{CC305606-108C-4863-9890-DB2DC041D230}.Release|Any CPU.ActiveCfg = Release|Any CPU
		{CC305606-108C-4863-9890-DB2DC041D230}.Release|Any CPU.Build.0 = Release|Any CPU
		{8690691A-5E76-41E5-9FF7-C8ED4D908589}.Debug|Any CPU.ActiveCfg = Debug|Any CPU
		{8690691A-5E76-41E5-9FF7-C8ED4D908589}.Debug|Any CPU.Build.0 = Debug|Any CPU
		{8690691A-5E76-41E5-9FF7-C8ED4D908589}.Release|Any CPU.ActiveCfg = Release|Any CPU
		{8690691A-5E76-41E5-9FF7-C8ED4D908589}.Release|Any CPU.Build.0 = Release|Any CPU
		{242C52D3-66B8-4CED-8760-4C461BFD114C}.Debug|Any CPU.ActiveCfg = Debug|Any CPU
		{242C52D3-66B8-4CED-8760-4C461BFD114C}.Debug|Any CPU.Build.0 = Debug|Any CPU
		{242C52D3-66B8-4CED-8760-4C461BFD114C}.Release|Any CPU.ActiveCfg = Release|Any CPU
		{242C52D3-66B8-4CED-8760-4C461BFD114C}.Release|Any CPU.Build.0 = Release|Any CPU
		{2E994105-10D5-4C3B-9A1F-97FEB6313AC1}.Debug|Any CPU.ActiveCfg = Debug|Any CPU
		{2E994105-10D5-4C3B-9A1F-97FEB6313AC1}.Debug|Any CPU.Build.0 = Debug|Any CPU
		{2E994105-10D5-4C3B-9A1F-97FEB6313AC1}.Release|Any CPU.ActiveCfg = Release|Any CPU
		{2E994105-10D5-4C3B-9A1F-97FEB6313AC1}.Release|Any CPU.Build.0 = Release|Any CPU
	EndGlobalSection
	GlobalSection(SolutionProperties) = preSolution
		HideSolutionNode = FALSE
	EndGlobalSection
	GlobalSection(NestedProjects) = preSolution
		{4C00212D-27BE-4A2F-93E0-6F177EA178C6} = {A7D81DCE-084F-4F5D-981C-0543AEABF6EA}
		{9A28F439-8048-4E5F-ADA6-4BA182E29068} = {4C00212D-27BE-4A2F-93E0-6F177EA178C6}
		{CCBAD774-17BA-432D-8F2C-DECFDF354A4D} = {A7D81DCE-084F-4F5D-981C-0543AEABF6EA}
		{32D75622-E293-4A7E-824C-15544D01C0B9} = {CCBAD774-17BA-432D-8F2C-DECFDF354A4D}
		{EFEE0442-04C2-4EA8-8244-2E1C01206180} = {A7D81DCE-084F-4F5D-981C-0543AEABF6EA}
		{B4BEED77-4DAB-4A33-AABF-4A5993659355} = {EFEE0442-04C2-4EA8-8244-2E1C01206180}
		{0A12323D-CE79-455E-9E79-6B2285CB42CC} = {EFEE0442-04C2-4EA8-8244-2E1C01206180}
		{18E8F229-26C4-4117-853A-1D4C4384EC20} = {A7D81DCE-084F-4F5D-981C-0543AEABF6EA}
		{CC305606-108C-4863-9890-DB2DC041D230} = {18E8F229-26C4-4117-853A-1D4C4384EC20}
		{8690691A-5E76-41E5-9FF7-C8ED4D908589} = {18E8F229-26C4-4117-853A-1D4C4384EC20}
		{242C52D3-66B8-4CED-8760-4C461BFD114C} = {18E8F229-26C4-4117-853A-1D4C4384EC20}
		{2E994105-10D5-4C3B-9A1F-97FEB6313AC1} = {18E8F229-26C4-4117-853A-1D4C4384EC20}
	EndGlobalSection
	GlobalSection(ExtensibilityGlobals) = postSolution
		SolutionGuid = {22202BDD-271F-4DE4-8A5A-BC381ED1C279}
	EndGlobalSection
EndGlobal
